
Microsoft Visual Studio Solution File, Format Version 12.00
# Visual Studio 15
VisualStudioVersion = 15.0.27703.2042
MinimumVisualStudioVersion = 10.0.40219.1
Project("{FAE04EC0-301F-11D3-BF4B-00C04F79EFBC}") = "CNF.API", "CNF.API\CNF.API.csproj", "{BC8F0AAB-EEA2-4AB6-AD60-3C20548BB4CE}"
EndProject
Project("{FAE04EC0-301F-11D3-BF4B-00C04F79EFBC}") = "CNF.Business", "CNF.Business\CNF.Business.csproj", "{FE775535-E257-4963-849C-897C31A6C5C0}"
EndProject
Global
	GlobalSection(SolutionConfigurationPlatforms) = preSolution
		Debug|Any CPU = Debug|Any CPU
		Release|Any CPU = Release|Any CPU
	EndGlobalSection
	GlobalSection(ProjectConfigurationPlatforms) = postSolution
		{BC8F0AAB-EEA2-4AB6-AD60-3C20548BB4CE}.Debug|Any CPU.ActiveCfg = Debug|Any CPU
		{BC8F0AAB-EEA2-4AB6-AD60-3C20548BB4CE}.Debug|Any CPU.Build.0 = Debug|Any CPU
		{BC8F0AAB-EEA2-4AB6-AD60-3C20548BB4CE}.Release|Any CPU.ActiveCfg = Release|Any CPU
		{BC8F0AAB-EEA2-4AB6-AD60-3C20548BB4CE}.Release|Any CPU.Build.0 = Release|Any CPU
		{FE775535-E257-4963-849C-897C31A6C5C0}.Debug|Any CPU.ActiveCfg = Debug|Any CPU
		{FE775535-E257-4963-849C-897C31A6C5C0}.Debug|Any CPU.Build.0 = Debug|Any CPU
		{FE775535-E257-4963-849C-897C31A6C5C0}.Release|Any CPU.ActiveCfg = Release|Any CPU
		{FE775535-E257-4963-849C-897C31A6C5C0}.Release|Any CPU.Build.0 = Release|Any CPU
	EndGlobalSection
	GlobalSection(SolutionProperties) = preSolution
		HideSolutionNode = FALSE
	EndGlobalSection
	GlobalSection(ExtensibilityGlobals) = postSolution
		SolutionGuid = {09E214EE-E102-402C-9055-E55223D370E3}
	EndGlobalSection
EndGlobal
